
Microsoft Visual Studio Solution File, Format Version 12.00
# Visual Studio Version 17
VisualStudioVersion = 17.6.33829.357
MinimumVisualStudioVersion = 10.0.40219.1
Project("{FAE04EC0-301F-11D3-BF4B-00C04F79EFBC}") = "BlogDataLibrary", "BlogDataLibrary\BlogDataLibrary.csproj", "{03A03CB1-B763-4205-AE57-03265F358710}"
EndProject
Project("{00D1A9C2-B5F0-4AF3-8072-F6C62B433612}") = "GuidoteBlogDB", "GuidoteBlogDB\GuidoteBlogDB.sqlproj", "{CFE03D6A-792F-4098-9AC1-26B8DFE538FB}"
EndProject
Project("{FAE04EC0-301F-11D3-BF4B-00C04F79EFBC}") = "BlogTestUI", "BlogTestUI\BlogTestUI.csproj", "{DD908FAF-01AC-4BD5-98CB-6BB9F014F3DA}"
EndProject
Project("{FAE04EC0-301F-11D3-BF4B-00C04F79EFBC}") = "BlogAPI", "BlogAPI\BlogAPI.csproj", "{7166F684-3BE1-41B7-A64D-B651C4ED2089}"
EndProject
Global
	GlobalSection(SolutionConfigurationPlatforms) = preSolution
		Debug|Any CPU = Debug|Any CPU
		Release|Any CPU = Release|Any CPU
	EndGlobalSection
	GlobalSection(ProjectConfigurationPlatforms) = postSolution
		{03A03CB1-B763-4205-AE57-03265F358710}.Debug|Any CPU.ActiveCfg = Debug|Any CPU
		{03A03CB1-B763-4205-AE57-03265F358710}.Debug|Any CPU.Build.0 = Debug|Any CPU
		{03A03CB1-B763-4205-AE57-03265F358710}.Release|Any CPU.ActiveCfg = Release|Any CPU
		{03A03CB1-B763-4205-AE57-03265F358710}.Release|Any CPU.Build.0 = Release|Any CPU
		{CFE03D6A-792F-4098-9AC1-26B8DFE538FB}.Debug|Any CPU.ActiveCfg = Debug|Any CPU
		{CFE03D6A-792F-4098-9AC1-26B8DFE538FB}.Debug|Any CPU.Build.0 = Debug|Any CPU
		{CFE03D6A-792F-4098-9AC1-26B8DFE538FB}.Debug|Any CPU.Deploy.0 = Debug|Any CPU
		{CFE03D6A-792F-4098-9AC1-26B8DFE538FB}.Release|Any CPU.ActiveCfg = Release|Any CPU
		{CFE03D6A-792F-4098-9AC1-26B8DFE538FB}.Release|Any CPU.Build.0 = Release|Any CPU
		{CFE03D6A-792F-4098-9AC1-26B8DFE538FB}.Release|Any CPU.Deploy.0 = Release|Any CPU
		{DD908FAF-01AC-4BD5-98CB-6BB9F014F3DA}.Debug|Any CPU.ActiveCfg = Debug|Any CPU
		{DD908FAF-01AC-4BD5-98CB-6BB9F014F3DA}.Debug|Any CPU.Build.0 = Debug|Any CPU
		{DD908FAF-01AC-4BD5-98CB-6BB9F014F3DA}.Release|Any CPU.ActiveCfg = Release|Any CPU
		{DD908FAF-01AC-4BD5-98CB-6BB9F014F3DA}.Release|Any CPU.Build.0 = Release|Any CPU
		{7166F684-3BE1-41B7-A64D-B651C4ED2089}.Debug|Any CPU.ActiveCfg = Debug|Any CPU
		{7166F684-3BE1-41B7-A64D-B651C4ED2089}.Debug|Any CPU.Build.0 = Debug|Any CPU
		{7166F684-3BE1-41B7-A64D-B651C4ED2089}.Release|Any CPU.ActiveCfg = Release|Any CPU
		{7166F684-3BE1-41B7-A64D-B651C4ED2089}.Release|Any CPU.Build.0 = Release|Any CPU
	EndGlobalSection
	GlobalSection(SolutionProperties) = preSolution
		HideSolutionNode = FALSE
	EndGlobalSection
	GlobalSection(ExtensibilityGlobals) = postSolution
		SolutionGuid = {DFC0B04F-54E5-4D26-8642-ABD70C6E3261}
	EndGlobalSection
EndGlobal
